
Microsoft Visual Studio Solution File, Format Version 12.00
# Visual Studio Version 16
VisualStudioVersion = 16.0.30406.217
MinimumVisualStudioVersion = 10.0.40219.1
Project("{FAE04EC0-301F-11D3-BF4B-00C04F79EFBC}") = "SuperHeroProject", "SuperHeroProject\SuperHeroProject.csproj", "{6F5300AD-64A0-4E30-83EC-995D185EA6E3}"
EndProject
Global
	GlobalSection(SolutionConfigurationPlatforms) = preSolution
		Debug|Any CPU = Debug|Any CPU
		Release|Any CPU = Release|Any CPU
	EndGlobalSection
	GlobalSection(ProjectConfigurationPlatforms) = postSolution
		{6F5300AD-64A0-4E30-83EC-995D185EA6E3}.Debug|Any CPU.ActiveCfg = Debug|Any CPU
		{6F5300AD-64A0-4E30-83EC-995D185EA6E3}.Debug|Any CPU.Build.0 = Debug|Any CPU
		{6F5300AD-64A0-4E30-83EC-995D185EA6E3}.Release|Any CPU.ActiveCfg = Release|Any CPU
		{6F5300AD-64A0-4E30-83EC-995D185EA6E3}.Release|Any CPU.Build.0 = Release|Any CPU
	EndGlobalSection
	GlobalSection(SolutionProperties) = preSolution
		HideSolutionNode = FALSE
	EndGlobalSection
	GlobalSection(ExtensibilityGlobals) = postSolution
		SolutionGuid = {8BFD951D-22F8-4FC8-AF04-221691F2B759}
	EndGlobalSection
EndGlobal
